// !$*UTF8*$!
{
	archiveVersion = 1;
	classes = {
	};
	objectVersion = 46;
	objects = {

/* Begin PBXBuildFile section */
		01BDB1491E870D7B00446DB5 /* AppDelegate.swift in Sources */ = {isa = PBXBuildFile; fileRef = 01BDB1481E870D7B00446DB5 /* AppDelegate.swift */; };
		01BDB14E1E870D7B00446DB5 /* Main.storyboard in Resources */ = {isa = PBXBuildFile; fileRef = 01BDB14C1E870D7B00446DB5 /* Main.storyboard */; };
		01BDB1501E870D7B00446DB5 /* Assets.xcassets in Resources */ = {isa = PBXBuildFile; fileRef = 01BDB14F1E870D7B00446DB5 /* Assets.xcassets */; };
		01BDB1531E870D7B00446DB5 /* LaunchScreen.storyboard in Resources */ = {isa = PBXBuildFile; fileRef = 01BDB1511E870D7B00446DB5 /* LaunchScreen.storyboard */; };
		01BDB1601E8717FA00446DB5 /* Deckade.swift in Sources */ = {isa = PBXBuildFile; fileRef = 01BDB15F1E8717FA00446DB5 /* Deckade.swift */; };
		01BDB1621E871AE300446DB5 /* DeckadeController.swift in Sources */ = {isa = PBXBuildFile; fileRef = 01BDB1611E871AE300446DB5 /* DeckadeController.swift */; };
		01BDB1641E871B3300446DB5 /* NetworkController.swift in Sources */ = {isa = PBXBuildFile; fileRef = 01BDB1631E871B3300446DB5 /* NetworkController.swift */; };
		01BDB1661E871B5400446DB5 /* ImageController.swift in Sources */ = {isa = PBXBuildFile; fileRef = 01BDB1651E871B5400446DB5 /* ImageController.swift */; };
		01BDB1691E8721D700446DB5 /* DeckadeTableViewCell.swift in Sources */ = {isa = PBXBuildFile; fileRef = 01BDB1681E8721D700446DB5 /* DeckadeTableViewCell.swift */; };
		01BDB16B1E8721ED00446DB5 /* DeckadeTableViewController.swift in Sources */ = {isa = PBXBuildFile; fileRef = 01BDB16A1E8721ED00446DB5 /* DeckadeTableViewController.swift */; };
/* End PBXBuildFile section */

/* Begin PBXFileReference section */
		01BDB1451E870D7B00446DB5 /* capstoneTest2.app */ = {isa = PBXFileReference; explicitFileType = wrapper.application; includeInIndex = 0; path = capstoneTest2.app; sourceTree = BUILT_PRODUCTS_DIR; };
		01BDB1481E870D7B00446DB5 /* AppDelegate.swift */ = {isa = PBXFileReference; lastKnownFileType = sourcecode.swift; name = AppDelegate.swift; path = capstoneTest2/AppDelegate.swift; sourceTree = "<group>"; };
		01BDB14D1E870D7B00446DB5 /* Base */ = {isa = PBXFileReference; lastKnownFileType = file.storyboard; name = Base; path = Base.lproj/Main.storyboard; sourceTree = "<group>"; };
		01BDB14F1E870D7B00446DB5 /* Assets.xcassets */ = {isa = PBXFileReference; lastKnownFileType = folder.assetcatalog; name = Assets.xcassets; path = capstoneTest2/Assets.xcassets; sourceTree = "<group>"; };
		01BDB1521E870D7B00446DB5 /* Base */ = {isa = PBXFileReference; lastKnownFileType = file.storyboard; name = Base; path = Base.lproj/LaunchScreen.storyboard; sourceTree = "<group>"; };
		01BDB1541E870D7B00446DB5 /* Info.plist */ = {isa = PBXFileReference; lastKnownFileType = text.plist.xml; name = Info.plist; path = capstoneTest2/Info.plist; sourceTree = "<group>"; };
		01BDB15F1E8717FA00446DB5 /* Deckade.swift */ = {isa = PBXFileReference; fileEncoding = 4; lastKnownFileType = sourcecode.swift; path = Deckade.swift; sourceTree = "<group>"; };
		01BDB1611E871AE300446DB5 /* DeckadeController.swift */ = {isa = PBXFileReference; fileEncoding = 4; lastKnownFileType = sourcecode.swift; path = DeckadeController.swift; sourceTree = "<group>"; };
		01BDB1631E871B3300446DB5 /* NetworkController.swift */ = {isa = PBXFileReference; fileEncoding = 4; lastKnownFileType = sourcecode.swift; path = NetworkController.swift; sourceTree = "<group>"; };
		01BDB1651E871B5400446DB5 /* ImageController.swift */ = {isa = PBXFileReference; fileEncoding = 4; lastKnownFileType = sourcecode.swift; path = ImageController.swift; sourceTree = "<group>"; };
		01BDB1681E8721D700446DB5 /* DeckadeTableViewCell.swift */ = {isa = PBXFileReference; fileEncoding = 4; lastKnownFileType = sourcecode.swift; path = DeckadeTableViewCell.swift; sourceTree = "<group>"; };
		01BDB16A1E8721ED00446DB5 /* DeckadeTableViewController.swift */ = {isa = PBXFileReference; fileEncoding = 4; lastKnownFileType = sourcecode.swift; path = DeckadeTableViewController.swift; sourceTree = "<group>"; };
/* End PBXFileReference section */

/* Begin PBXFrameworksBuildPhase section */
		01BDB1421E870D7B00446DB5 /* Frameworks */ = {
			isa = PBXFrameworksBuildPhase;
			buildActionMask = 2147483647;
			files = (
			);
			runOnlyForDeploymentPostprocessing = 0;
		};
/* End PBXFrameworksBuildPhase section */

/* Begin PBXGroup section */
		01BDB13C1E870D7B00446DB5 = {
			isa = PBXGroup;
			children = (
				01BDB1471E870D7B00446DB5 /* capstoneTest2 */,
				01BDB1461E870D7B00446DB5 /* Products */,
				01BDB1481E870D7B00446DB5 /* AppDelegate.swift */,
				01BDB1541E870D7B00446DB5 /* Info.plist */,
				01BDB14F1E870D7B00446DB5 /* Assets.xcassets */,
			);
			sourceTree = "<group>";
		};
		01BDB1461E870D7B00446DB5 /* Products */ = {
			isa = PBXGroup;
			children = (
				01BDB1451E870D7B00446DB5 /* capstoneTest2.app */,
			);
			name = Products;
			sourceTree = "<group>";
		};
		01BDB1471E870D7B00446DB5 /* capstoneTest2 */ = {
			isa = PBXGroup;
			children = (
				01BDB15D1E87177600446DB5 /* Model */,
				01BDB1671E871B6800446DB5 /* HelperFiles */,
				01BDB15C1E87176A00446DB5 /* ModelController */,
				01BDB15B1E87175B00446DB5 /* ViewController */,
				01BDB15A1E87175600446DB5 /* View */,
				01BDB15E1E87179000446DB5 /* Storyboard */,
			);
			path = capstoneTest2;
			sourceTree = "<group>";
		};
		01BDB15A1E87175600446DB5 /* View */ = {
			isa = PBXGroup;
			children = (
				01BDB1681E8721D700446DB5 /* DeckadeTableViewCell.swift */,
			);
			name = View;
			sourceTree = "<group>";
		};
		01BDB15B1E87175B00446DB5 /* ViewController */ = {
			isa = PBXGroup;
			children = (
				01BDB16A1E8721ED00446DB5 /* DeckadeTableViewController.swift */,
			);
			name = ViewController;
			sourceTree = "<group>";
		};
		01BDB15C1E87176A00446DB5 /* ModelController */ = {
			isa = PBXGroup;
			children = (
				01BDB1611E871AE300446DB5 /* DeckadeController.swift */,
			);
			name = ModelController;
			sourceTree = "<group>";
		};
		01BDB15D1E87177600446DB5 /* Model */ = {
			isa = PBXGroup;
			children = (
				01BDB15F1E8717FA00446DB5 /* Deckade.swift */,
			);
			name = Model;
			sourceTree = "<group>";
		};
		01BDB15E1E87179000446DB5 /* Storyboard */ = {
			isa = PBXGroup;
			children = (
				01BDB14C1E870D7B00446DB5 /* Main.storyboard */,
				01BDB1511E870D7B00446DB5 /* LaunchScreen.storyboard */,
			);
			name = Storyboard;
			sourceTree = "<group>";
		};
		01BDB1671E871B6800446DB5 /* HelperFiles */ = {
			isa = PBXGroup;
			children = (
				01BDB1631E871B3300446DB5 /* NetworkController.swift */,
				01BDB1651E871B5400446DB5 /* ImageController.swift */,
			);
			name = HelperFiles;
			sourceTree = "<group>";
		};
/* End PBXGroup section */

/* Begin PBXNativeTarget section */
		01BDB1441E870D7B00446DB5 /* capstoneTest2 */ = {
			isa = PBXNativeTarget;
			buildConfigurationList = 01BDB1571E870D7B00446DB5 /* Build configuration list for PBXNativeTarget "capstoneTest2" */;
			buildPhases = (
				01BDB1411E870D7B00446DB5 /* Sources */,
				01BDB1421E870D7B00446DB5 /* Frameworks */,
				01BDB1431E870D7B00446DB5 /* Resources */,
			);
			buildRules = (
			);
			dependencies = (
			);
			name = capstoneTest2;
			productName = capstoneTest2;
			productReference = 01BDB1451E870D7B00446DB5 /* capstoneTest2.app */;
			productType = "com.apple.product-type.application";
		};
/* End PBXNativeTarget section */

/* Begin PBXProject section */
		01BDB13D1E870D7B00446DB5 /* Project object */ = {
			isa = PBXProject;
			attributes = {
				LastSwiftUpdateCheck = 0820;
				LastUpgradeCheck = 0820;
				ORGANIZATIONNAME = "Nick Reichard";
				TargetAttributes = {
					01BDB1441E870D7B00446DB5 = {
						CreatedOnToolsVersion = 8.2.1;
						DevelopmentTeam = MU4CK45G4T;
						ProvisioningStyle = Automatic;
					};
				};
			};
			buildConfigurationList = 01BDB1401E870D7B00446DB5 /* Build configuration list for PBXProject "capstoneTest2" */;
			compatibilityVersion = "Xcode 3.2";
			developmentRegion = English;
			hasScannedForEncodings = 0;
			knownRegions = (
				en,
				Base,
			);
			mainGroup = 01BDB13C1E870D7B00446DB5;
			productRefGroup = 01BDB1461E870D7B00446DB5 /* Products */;
			projectDirPath = "";
			projectRoot = "";
			targets = (
				01BDB1441E870D7B00446DB5 /* capstoneTest2 */,
			);
		};
/* End PBXProject section */

/* Begin PBXResourcesBuildPhase section */
		01BDB1431E870D7B00446DB5 /* Resources */ = {
			isa = PBXResourcesBuildPhase;
			buildActionMask = 2147483647;
			files = (
				01BDB1531E870D7B00446DB5 /* LaunchScreen.storyboard in Resources */,
				01BDB1501E870D7B00446DB5 /* Assets.xcassets in Resources */,
				01BDB14E1E870D7B00446DB5 /* Main.storyboard in Resources */,
			);
			runOnlyForDeploymentPostprocessing = 0;
		};
/* End PBXResourcesBuildPhase section */

/* Begin PBXSourcesBuildPhase section */
		01BDB1411E870D7B00446DB5 /* Sources */ = {
			isa = PBXSourcesBuildPhase;
			buildActionMask = 2147483647;
			files = (
				01BDB1661E871B5400446DB5 /* ImageController.swift in Sources */,
				01BDB16B1E8721ED00446DB5 /* DeckadeTableViewController.swift in Sources */,
				01BDB1691E8721D700446DB5 /* DeckadeTableViewCell.swift in Sources */,
				01BDB1641E871B3300446DB5 /* NetworkController.swift in Sources */,
				01BDB1491E870D7B00446DB5 /* AppDelegate.swift in Sources */,
				01BDB1621E871AE300446DB5 /* DeckadeController.swift in Sources */,
				01BDB1601E8717FA00446DB5 /* Deckade.swift in Sources */,
			);
			runOnlyForDeploymentPostprocessing = 0;
		};
/* End PBXSourcesBuildPhase section */

/* Begin PBXVariantGroup section */
		01BDB14C1E870D7B00446DB5 /* Main.storyboard */ = {
			isa = PBXVariantGroup;
			children = (
				01BDB14D1E870D7B00446DB5 /* Base */,
			);
			name = Main.storyboard;
			sourceTree = "<group>";
		};
		01BDB1511E870D7B00446DB5 /* LaunchScreen.storyboard */ = {
			isa = PBXVariantGroup;
			children = (
				01BDB1521E870D7B00446DB5 /* Base */,
			);
			name = LaunchScreen.storyboard;
			sourceTree = "<group>";
		};
/* End PBXVariantGroup section */

/* Begin XCBuildConfiguration section */
		01BDB1551E870D7B00446DB5 /* Debug */ = {
			isa = XCBuildConfiguration;
			buildSettings = {
				ALWAYS_SEARCH_USER_PATHS = NO;
				CLANG_ANALYZER_NONNULL = YES;
				CLANG_CXX_LANGUAGE_STANDARD = "gnu++0x";
				CLANG_CXX_LIBRARY = "libc++";
				CLANG_ENABLE_MODULES = YES;
				CLANG_ENABLE_OBJC_ARC = YES;
				CLANG_WARN_BOOL_CONVERSION = YES;
				CLANG_WARN_CONSTANT_CONVERSION = YES;
				CLANG_WARN_DIRECT_OBJC_ISA_USAGE = YES_ERROR;
				CLANG_WARN_DOCUMENTATION_COMMENTS = YES;
				CLANG_WARN_EMPTY_BODY = YES;
				CLANG_WARN_ENUM_CONVERSION = YES;
				CLANG_WARN_INFINITE_RECURSION = YES;
				CLANG_WARN_INT_CONVERSION = YES;
				CLANG_WARN_OBJC_ROOT_CLASS = YES_ERROR;
				CLANG_WARN_SUSPICIOUS_MOVE = YES;
				CLANG_WARN_UNREACHABLE_CODE = YES;
				CLANG_WARN__DUPLICATE_METHOD_MATCH = YES;
				"CODE_SIGN_IDENTITY[sdk=iphoneos*]" = "iPhone Developer";
				COPY_PHASE_STRIP = NO;
				DEBUG_INFORMATION_FORMAT = dwarf;
				ENABLE_STRICT_OBJC_MSGSEND = YES;
				ENABLE_TESTABILITY = YES;
				GCC_C_LANGUAGE_STANDARD = gnu99;
				GCC_DYNAMIC_NO_PIC = NO;
				GCC_NO_COMMON_BLOCKS = YES;
				GCC_OPTIMIZATION_LEVEL = 0;
				GCC_PREPROCESSOR_DEFINITIONS = (
					"DEBUG=1",
					"$(inherited)",
				);
				GCC_WARN_64_TO_32_BIT_CONVERSION = YES;
				GCC_WARN_ABOUT_RETURN_TYPE = YES_ERROR;
				GCC_WARN_UNDECLARED_SELECTOR = YES;
				GCC_WARN_UNINITIALIZED_AUTOS = YES_AGGRESSIVE;
				GCC_WARN_UNUSED_FUNCTION = YES;
				GCC_WARN_UNUSED_VARIABLE = YES;
				IPHONEOS_DEPLOYMENT_TARGET = 10.2;
				MTL_ENABLE_DEBUG_INFO = YES;
				ONLY_ACTIVE_ARCH = YES;
				SDKROOT = iphoneos;
				SWIFT_ACTIVE_COMPILATION_CONDITIONS = DEBUG;
				SWIFT_OPTIMIZATION_LEVEL = "-Onone";
				TARGETED_DEVICE_FAMILY = "1,2";
			};
			name = Debug;
		};
		01BDB1561E870D7B00446DB5 /* Release */ = {
			isa = XCBuildConfiguration;
			buildSettings = {
				ALWAYS_SEARCH_USER_PATHS = NO;
				CLANG_ANALYZER_NONNULL = YES;
				CLANG_CXX_LANGUAGE_STANDARD = "gnu++0x";
				CLANG_CXX_LIBRARY = "libc++";
				CLANG_ENABLE_MODULES = YES;
				CLANG_ENABLE_OBJC_ARC = YES;
				CLANG_WARN_BOOL_CONVERSION = YES;
				CLANG_WARN_CONSTANT_CONVERSION = YES;
				CLANG_WARN_DIRECT_OBJC_ISA_USAGE = YES_ERROR;
				CLANG_WARN_DOCUMENTATION_COMMENTS = YES;
				CLANG_WARN_EMPTY_BODY = YES;
				CLANG_WARN_ENUM_CONVERSION = YES;
				CLANG_WARN_INFINITE_RECURSION = YES;
				CLANG_WARN_INT_CONVERSION = YES;
				CLANG_WARN_OBJC_ROOT_CLASS = YES_ERROR;
				CLANG_WARN_SUSPICIOUS_MOVE = YES;
				CLANG_WARN_UNREACHABLE_CODE = YES;
				CLANG_WARN__DUPLICATE_METHOD_MATCH = YES;
				"CODE_SIGN_IDENTITY[sdk=iphoneos*]" = "iPhone Developer";
				COPY_PHASE_STRIP = NO;
				DEBUG_INFORMATION_FORMAT = "dwarf-with-dsym";
				ENABLE_NS_ASSERTIONS = NO;
				ENABLE_STRICT_OBJC_MSGSEND = YES;
				GCC_C_LANGUAGE_STANDARD = gnu99;
				GCC_NO_COMMON_BLOCKS = YES;
				GCC_WARN_64_TO_32_BIT_CONVERSION = YES;
				GCC_WARN_ABOUT_RETURN_TYPE = YES_ERROR;
				GCC_WARN_UNDECLARED_SELECTOR = YES;
				GCC_WARN_UNINITIALIZED_AUTOS = YES_AGGRESSIVE;
				GCC_WARN_UNUSED_FUNCTION = YES;
				GCC_WARN_UNUSED_VARIABLE = YES;
				IPHONEOS_DEPLOYMENT_TARGET = 10.2;
				MTL_ENABLE_DEBUG_INFO = NO;
				SDKROOT = iphoneos;
				SWIFT_OPTIMIZATION_LEVEL = "-Owholemodule";
				TARGETED_DEVICE_FAMILY = "1,2";
				VALIDATE_PRODUCT = YES;
			};
			name = Release;
		};
		01BDB1581E870D7B00446DB5 /* Debug */ = {
			isa = XCBuildConfiguration;
			buildSettings = {
				ASSETCATALOG_COMPILER_APPICON_NAME = AppIcon;
				DEVELOPMENT_TEAM = MU4CK45G4T;
				INFOPLIST_FILE = capstoneTest2/Info.plist;
				LD_RUNPATH_SEARCH_PATHS = "$(inherited) @executable_path/Frameworks";
				PRODUCT_BUNDLE_IDENTIFIER = com.nickreichard..capstoneTest2;
				PRODUCT_NAME = "$(TARGET_NAME)";
				SWIFT_VERSION = 3.0;
			};
			name = Debug;
		};
		01BDB1591E870D7B00446DB5 /* Release */ = {
			isa = XCBuildConfiguration;
			buildSettings = {
				ASSETCATALOG_COMPILER_APPICON_NAME = AppIcon;
				DEVELOPMENT_TEAM = MU4CK45G4T;
				INFOPLIST_FILE = capstoneTest2/Info.plist;
				LD_RUNPATH_SEARCH_PATHS = "$(inherited) @executable_path/Frameworks";
				PRODUCT_BUNDLE_IDENTIFIER = com.nickreichard..capstoneTest2;
				PRODUCT_NAME = "$(TARGET_NAME)";
				SWIFT_VERSION = 3.0;
			};
			name = Release;
		};
/* End XCBuildConfiguration section */

/* Begin XCConfigurationList section */
		01BDB1401E870D7B00446DB5 /* Build configuration list for PBXProject "capstoneTest2" */ = {
			isa = XCConfigurationList;
			buildConfigurations = (
				01BDB1551E870D7B00446DB5 /* Debug */,
				01BDB1561E870D7B00446DB5 /* Release */,
			);
			defaultConfigurationIsVisible = 0;
			defaultConfigurationName = Release;
		};
		01BDB1571E870D7B00446DB5 /* Build configuration list for PBXNativeTarget "capstoneTest2" */ = {
			isa = XCConfigurationList;
			buildConfigurations = (
				01BDB1581E870D7B00446DB5 /* Debug */,
				01BDB1591E870D7B00446DB5 /* Release */,
			);
			defaultConfigurationIsVisible = 0;
		};
/* End XCConfigurationList section */
	};
	rootObject = 01BDB13D1E870D7B00446DB5 /* Project object */;
}
